// !$*UTF8*$!
{
	archiveVersion = 1;
	classes = {
	};
	objectVersion = 45;
	objects = {

/* Begin PBXBuildFile section */
		1D60589B0D05DD56006BFB54 /* main.m in Sources */ = {isa = PBXBuildFile; fileRef = 29B97316FDCFA39411CA2CEA /* main.m */; };
		1D60589F0D05DD5A006BFB54 /* Foundation.framework in Frameworks */ = {isa = PBXBuildFile; fileRef = 1D30AB110D05D00D00671497 /* Foundation.framework */; };
		1DF5F4E00D08C38300B7A737 /* UIKit.framework in Frameworks */ = {isa = PBXBuildFile; fileRef = 1DF5F4DF0D08C38300B7A737 /* UIKit.framework */; };
		8D0BB0320E7618A7008955DD /* BookmarksOfFolderController.m in Sources */ = {isa = PBXBuildFile; fileRef = 8D0BB0310E7618A7008955DD /* BookmarksOfFolderController.m */; };
		8D2420A00EC91E5E003D1DD3 /* logo83.png in Resources */ = {isa = PBXBuildFile; fileRef = 8D24209D0EC91E5E003D1DD3 /* logo83.png */; };
		8D2420A10EC91E5E003D1DD3 /* logo91.png in Resources */ = {isa = PBXBuildFile; fileRef = 8D24209E0EC91E5E003D1DD3 /* logo91.png */; };
		8D2420B80EC9288B003D1DD3 /* logo9.png in Resources */ = {isa = PBXBuildFile; fileRef = 8D2420B70EC9288B003D1DD3 /* logo9.png */; };
		8D2420E70EC92CE0003D1DD3 /* bible_en.db in Resources */ = {isa = PBXBuildFile; fileRef = 8D2420E60EC92CE0003D1DD3 /* bible_en.db */; };
		8D24210B0EC93430003D1DD3 /* Default.png in Resources */ = {isa = PBXBuildFile; fileRef = 8D24210A0EC93430003D1DD3 /* Default.png */; };
		8D51C52D0E3404CA004F21B9 /* MainWindowController.m in Sources */ = {isa = PBXBuildFile; fileRef = 8D51C52C0E3404CA004F21B9 /* MainWindowController.m */; };
		8D51C5350E340579004F21B9 /* GodWordAppDelegate.m in Sources */ = {isa = PBXBuildFile; fileRef = 8D51C5340E340579004F21B9 /* GodWordAppDelegate.m */; };
		8D51C5620E3406B3004F21B9 /* FindVerseController.m in Sources */ = {isa = PBXBuildFile; fileRef = 8D51C5610E3406B3004F21B9 /* FindVerseController.m */; };
		8D51C58A0E340843004F21B9 /* libsqlite3.0.dylib in Frameworks */ = {isa = PBXBuildFile; fileRef = 8D51C5890E340843004F21B9 /* libsqlite3.0.dylib */; };
		8D51C58C0E3408AA004F21B9 /* bible_es.db in Resources */ = {isa = PBXBuildFile; fileRef = 8D51C58B0E3408AA004F21B9 /* bible_es.db */; };
		8D51C59A0E34092C004F21B9 /* BibleDatabase.m in Sources */ = {isa = PBXBuildFile; fileRef = 8D51C5990E34092C004F21B9 /* BibleDatabase.m */; };
		8D51C6140E340FBD004F21B9 /* Book.m in Sources */ = {isa = PBXBuildFile; fileRef = 8D51C6130E340FBD004F21B9 /* Book.m */; };
		8D51C64C0E341202004F21B9 /* ReadChapterController.m in Sources */ = {isa = PBXBuildFile; fileRef = 8D51C64B0E341202004F21B9 /* ReadChapterController.m */; };
		8D650CB30E5BA70D004536A2 /* logo712.png in Resources */ = {isa = PBXBuildFile; fileRef = 8D650CB20E5BA70D004536A2 /* logo712.png */; };
		8D650E310E5BCE09004536A2 /* AddFolderController.m in Sources */ = {isa = PBXBuildFile; fileRef = 8D650E300E5BCE09004536A2 /* AddFolderController.m */; };
		8D6F6DF80E3AAE2B001CD57E /* CoreGraphics.framework in Frameworks */ = {isa = PBXBuildFile; fileRef = 8D6F6DF70E3AAE2B001CD57E /* CoreGraphics.framework */; };
		8D731F770E33EE9A0031200B /* Icon.png in Resources */ = {isa = PBXBuildFile; fileRef = 8D731F760E33EE9A0031200B /* Icon.png */; };
		8D7320700E3403010031200B /* FindButton.png in Resources */ = {isa = PBXBuildFile; fileRef = 8D73206F0E3403010031200B /* FindButton.png */; };
		8D7503810E4E846300BF500F /* BookmarkFolder.m in Sources */ = {isa = PBXBuildFile; fileRef = 8D7503800E4E846300BF500F /* BookmarkFolder.m */; };
		8D7504000E4E8C5500BF500F /* AddBookmarkItemController.m in Sources */ = {isa = PBXBuildFile; fileRef = 8D7503FF0E4E8C5500BF500F /* AddBookmarkItemController.m */; };
		8D7593410E3FF84000BD8777 /* VerseCell.m in Sources */ = {isa = PBXBuildFile; fileRef = 8D7593400E3FF84000BD8777 /* VerseCell.m */; };
		8D7604370E664DC70028B85F /* EditTextViewController.m in Sources */ = {isa = PBXBuildFile; fileRef = 8D7604360E664DC70028B85F /* EditTextViewController.m */; };
		8D7604A00E6655A10028B85F /* CellTextView.m in Sources */ = {isa = PBXBuildFile; fileRef = 8D76049F0E6655A10028B85F /* CellTextView.m */; };
		8D7827F30E58FFE100378BFF /* BookmarkGroupListController.m in Sources */ = {isa = PBXBuildFile; fileRef = 8D7827F20E58FFE100378BFF /* BookmarkGroupListController.m */; };
		8D7829190E590E7A00378BFF /* BookmarkCell.m in Sources */ = {isa = PBXBuildFile; fileRef = 8D7829180E590E7A00378BFF /* BookmarkCell.m */; };
		8D79AE760E5521EA00CAC6DF /* BookmarkListController.m in Sources */ = {isa = PBXBuildFile; fileRef = 8D79AE750E5521EA00CAC6DF /* BookmarkListController.m */; };
		8D7ADC0A0E6E306C00A5A7E9 /* logo7123.png in Resources */ = {isa = PBXBuildFile; fileRef = 8D7ADC090E6E306C00A5A7E9 /* logo7123.png */; };
		8D7BB4F40E77664E00E23727 /* Localizable.strings in Resources */ = {isa = PBXBuildFile; fileRef = 8D7BB4F20E77664E00E23727 /* Localizable.strings */; };
		8D7BB5FE0E77751100E23727 /* AddBookmark.xib in Resources */ = {isa = PBXBuildFile; fileRef = 8D7BB5F00E77751100E23727 /* AddBookmark.xib */; };
		8D7BB5FF0E77751100E23727 /* AddBookmarkItem.xib in Resources */ = {isa = PBXBuildFile; fileRef = 8D7BB5F20E77751100E23727 /* AddBookmarkItem.xib */; };
		8D7BB6000E77751100E23727 /* AddDevotional.xib in Resources */ = {isa = PBXBuildFile; fileRef = 8D7BB5F40E77751100E23727 /* AddDevotional.xib */; };
		8D7BB6010E77751100E23727 /* AddFolder.xib in Resources */ = {isa = PBXBuildFile; fileRef = 8D7BB5F60E77751100E23727 /* AddFolder.xib */; };
		8D7BB6020E77751100E23727 /* FindVerse.xib in Resources */ = {isa = PBXBuildFile; fileRef = 8D7BB5F80E77751100E23727 /* FindVerse.xib */; };
		8D7BB6030E77751100E23727 /* MainWindow.xib in Resources */ = {isa = PBXBuildFile; fileRef = 8D7BB5FA0E77751100E23727 /* MainWindow.xib */; };
		8D7BB6040E77751100E23727 /* ReadChapter.xib in Resources */ = {isa = PBXBuildFile; fileRef = 8D7BB5FC0E77751100E23727 /* ReadChapter.xib */; };
		8D7BC56D0F1166D8000F768F /* SearchController.m in Sources */ = {isa = PBXBuildFile; fileRef = 8D7BC56C0F1166D8000F768F /* SearchController.m */; };
		8D7BC5700F116762000F768F /* SearchWord.xib in Resources */ = {isa = PBXBuildFile; fileRef = 8D7BC56E0F116762000F768F /* SearchWord.xib */; };
		8D7CB6970F69FE4A0007C7DA /* Settings.bundle in Resources */ = {isa = PBXBuildFile; fileRef = 8D7CB6960F69FE4A0007C7DA /* Settings.bundle */; };
		8D7CE6BE0F6DCB640084AD5F /* foco.png in Resources */ = {isa = PBXBuildFile; fileRef = 8D7CE6BD0F6DCB640084AD5F /* foco.png */; };
		8D8958910E5114BB00BFF4DA /* Bookmark.m in Sources */ = {isa = PBXBuildFile; fileRef = 8D8958900E5114BB00BFF4DA /* Bookmark.m */; };
		8D8A1B0E0F732EB100B3C026 /* Entitlements.plist in Resources */ = {isa = PBXBuildFile; fileRef = 8D8A1B0D0F732EB100B3C026 /* Entitlements.plist */; };
		8D8D928A0EE0976000B4A013 /* bible_fr.db in Resources */ = {isa = PBXBuildFile; fileRef = 8D8D92890EE0976000B4A013 /* bible_fr.db */; };
		8D9242F80F143D9E00FB7299 /* find_button_new.png in Resources */ = {isa = PBXBuildFile; fileRef = 8D9242F70F143D9E00FB7299 /* find_button_new.png */; };
		8DA1F5730F89207C00F47B37 /* change-background.png in Resources */ = {isa = PBXBuildFile; fileRef = 8DA1F5720F89207C00F47B37 /* change-background.png */; };
		8DCE9CCF0F6A036D0095BD7A /* bible_pt.db in Resources */ = {isa = PBXBuildFile; fileRef = 8DCE9CCE0F6A036D0095BD7A /* bible_pt.db */; };
		8DD0F6290E64E445008AF516 /* Devotional.m in Sources */ = {isa = PBXBuildFile; fileRef = 8DD0F6280E64E445008AF516 /* Devotional.m */; };
		8DD0F6540E64E865008AF516 /* DevotionalNavController.m in Sources */ = {isa = PBXBuildFile; fileRef = 8DD0F6530E64E865008AF516 /* DevotionalNavController.m */; };
		8DD0F6570E64E87A008AF516 /* DevotionalListController.m in Sources */ = {isa = PBXBuildFile; fileRef = 8DD0F6560E64E87A008AF516 /* DevotionalListController.m */; };
		8DD0F65C0E64E9B9008AF516 /* DevotionalCell.m in Sources */ = {isa = PBXBuildFile; fileRef = 8DD0F65B0E64E9B9008AF516 /* DevotionalCell.m */; };
		8DD0F71E0E64F87B008AF516 /* AddDevotionalController.m in Sources */ = {isa = PBXBuildFile; fileRef = 8DD0F71D0E64F87B008AF516 /* AddDevotionalController.m */; };
		8DDCE7F80E36C93500ECAF65 /* Bookmark.png in Resources */ = {isa = PBXBuildFile; fileRef = 8DDCE7F70E36C93500ECAF65 /* Bookmark.png */; };
		8DDCE7FB0E36CA8500ECAF65 /* Devotional.png in Resources */ = {isa = PBXBuildFile; fileRef = 8DDCE7FA0E36CA8500ECAF65 /* Devotional.png */; };
		8DDCE7FF0E36CAC200ECAF65 /* Notes.png in Resources */ = {isa = PBXBuildFile; fileRef = 8DDCE7FE0E36CAC200ECAF65 /* Notes.png */; };
		8DDCE8090E36CD1100ECAF65 /* Verse.m in Sources */ = {isa = PBXBuildFile; fileRef = 8DDCE8080E36CD1100ECAF65 /* Verse.m */; };
		8DFDA1030E4943500049F120 /* AddBookmarkController.m in Sources */ = {isa = PBXBuildFile; fileRef = 8DFDA1020E4943500049F120 /* AddBookmarkController.m */; };
/* End PBXBuildFile section */

/* Begin PBXFileReference section */
		1D30AB110D05D00D00671497 /* Foundation.framework */ = {isa = PBXFileReference; lastKnownFileType = wrapper.framework; name = Foundation.framework; path = System/Library/Frameworks/Foundation.framework; sourceTree = SDKROOT; };
		1D6058910D05DD3D006BFB54 /* GodWord.app */ = {isa = PBXFileReference; explicitFileType = wrapper.application; includeInIndex = 0; path = GodWord.app; sourceTree = BUILT_PRODUCTS_DIR; };
		1DF5F4DF0D08C38300B7A737 /* UIKit.framework */ = {isa = PBXFileReference; lastKnownFileType = wrapper.framework; name = UIKit.framework; path = System/Library/Frameworks/UIKit.framework; sourceTree = SDKROOT; };
		29B97316FDCFA39411CA2CEA /* main.m */ = {isa = PBXFileReference; fileEncoding = 4; lastKnownFileType = sourcecode.c.objc; path = main.m; sourceTree = "<group>"; };
		32CA4F630368D1EE00C91783 /* GodWord_Prefix.pch */ = {isa = PBXFileReference; fileEncoding = 4; lastKnownFileType = sourcecode.c.h; path = GodWord_Prefix.pch; sourceTree = "<group>"; };
		8D098A850ECA8782009DEE31 /* Info.plist */ = {isa = PBXFileReference; fileEncoding = 4; lastKnownFileType = text.plist.xml; path = Info.plist; sourceTree = "<group>"; };
		8D0BB0300E7618A7008955DD /* BookmarksOfFolderController.h */ = {isa = PBXFileReference; fileEncoding = 4; lastKnownFileType = sourcecode.c.h; name = BookmarksOfFolderController.h; path = Classes/BookmarksOfFolderController.h; sourceTree = "<group>"; };
		8D0BB0310E7618A7008955DD /* BookmarksOfFolderController.m */ = {isa = PBXFileReference; fileEncoding = 4; lastKnownFileType = sourcecode.c.objc; name = BookmarksOfFolderController.m; path = Classes/BookmarksOfFolderController.m; sourceTree = "<group>"; };
		8D24209D0EC91E5E003D1DD3 /* logo83.png */ = {isa = PBXFileReference; lastKnownFileType = image.png; name = logo83.png; path = images/logo83.png; sourceTree = "<group>"; };
		8D24209E0EC91E5E003D1DD3 /* logo91.png */ = {isa = PBXFileReference; lastKnownFileType = image.png; name = logo91.png; path = images/logo91.png; sourceTree = "<group>"; };
		8D2420B70EC9288B003D1DD3 /* logo9.png */ = {isa = PBXFileReference; lastKnownFileType = image.png; name = logo9.png; path = images/logo9.png; sourceTree = "<group>"; };
		8D2420E60EC92CE0003D1DD3 /* bible_en.db */ = {isa = PBXFileReference; lastKnownFileType = file; path = bible_en.db; sourceTree = "<group>"; };
		8D24210A0EC93430003D1DD3 /* Default.png */ = {isa = PBXFileReference; lastKnownFileType = image.png; name = Default.png; path = images/Default.png; sourceTree = "<group>"; };
		8D51C52B0E3404CA004F21B9 /* MainWindowController.h */ = {isa = PBXFileReference; fileEncoding = 4; lastKnownFileType = sourcecode.c.h; name = MainWindowController.h; path = Classes/MainWindowController.h; sourceTree = "<group>"; };
		8D51C52C0E3404CA004F21B9 /* MainWindowController.m */ = {isa = PBXFileReference; fileEncoding = 4; lastKnownFileType = sourcecode.c.objc; name = MainWindowController.m; path = Classes/MainWindowController.m; sourceTree = "<group>"; };
		8D51C5330E340579004F21B9 /* GodWordAppDelegate.h */ = {isa = PBXFileReference; fileEncoding = 4; lastKnownFileType = sourcecode.c.h; name = GodWordAppDelegate.h; path = Classes/GodWordAppDelegate.h; sourceTree = "<group>"; };
		8D51C5340E340579004F21B9 /* GodWordAppDelegate.m */ = {isa = PBXFileReference; fileEncoding = 4; lastKnownFileType = sourcecode.c.objc; name = GodWordAppDelegate.m; path = Classes/GodWordAppDelegate.m; sourceTree = "<group>"; };
		8D51C5600E3406B3004F21B9 /* FindVerseController.h */ = {isa = PBXFileReference; fileEncoding = 4; lastKnownFileType = sourcecode.c.h; name = FindVerseController.h; path = Classes/FindVerseController.h; sourceTree = "<group>"; };
		8D51C5610E3406B3004F21B9 /* FindVerseController.m */ = {isa = PBXFileReference; fileEncoding = 4; lastKnownFileType = sourcecode.c.objc; name = FindVerseController.m; path = Classes/FindVerseController.m; sourceTree = "<group>"; };
		8D51C5890E340843004F21B9 /* libsqlite3.0.dylib */ = {isa = PBXFileReference; lastKnownFileType = "compiled.mach-o.dylib"; name = libsqlite3.0.dylib; path = usr/lib/libsqlite3.0.dylib; sourceTree = SDKROOT; };
		8D51C58B0E3408AA004F21B9 /* bible_es.db */ = {isa = PBXFileReference; lastKnownFileType = file; path = bible_es.db; sourceTree = "<group>"; };
		8D51C5980E34092C004F21B9 /* BibleDatabase.h */ = {isa = PBXFileReference; fileEncoding = 4; lastKnownFileType = sourcecode.c.h; name = BibleDatabase.h; path = Classes/BibleDatabase.h; sourceTree = "<group>"; };
		8D51C5990E34092C004F21B9 /* BibleDatabase.m */ = {isa = PBXFileReference; fileEncoding = 4; lastKnownFileType = sourcecode.c.objc; name = BibleDatabase.m; path = Classes/BibleDatabase.m; sourceTree = "<group>"; };
		8D51C6120E340FBD004F21B9 /* Book.h */ = {isa = PBXFileReference; fileEncoding = 4; lastKnownFileType = sourcecode.c.h; name = Book.h; path = Classes/Book.h; sourceTree = "<group>"; };
		8D51C6130E340FBD004F21B9 /* Book.m */ = {isa = PBXFileReference; fileEncoding = 4; lastKnownFileType = sourcecode.c.objc; name = Book.m; path = Classes/Book.m; sourceTree = "<group>"; };
		8D51C64A0E341202004F21B9 /* ReadChapterController.h */ = {isa = PBXFileReference; fileEncoding = 4; lastKnownFileType = sourcecode.c.h; name = ReadChapterController.h; path = Classes/ReadChapterController.h; sourceTree = "<group>"; };
		8D51C64B0E341202004F21B9 /* ReadChapterController.m */ = {isa = PBXFileReference; fileEncoding = 4; lastKnownFileType = sourcecode.c.objc; name = ReadChapterController.m; path = Classes/ReadChapterController.m; sourceTree = "<group>"; };
		8D650CB20E5BA70D004536A2 /* logo712.png */ = {isa = PBXFileReference; lastKnownFileType = image.png; name = logo712.png; path = images/logo712.png; sourceTree = "<group>"; };
		8D650E2F0E5BCE09004536A2 /* AddFolderController.h */ = {isa = PBXFileReference; fileEncoding = 4; lastKnownFileType = sourcecode.c.h; name = AddFolderController.h; path = Classes/AddFolderController.h; sourceTree = "<group>"; };
		8D650E300E5BCE09004536A2 /* AddFolderController.m */ = {isa = PBXFileReference; fileEncoding = 4; lastKnownFileType = sourcecode.c.objc; name = AddFolderController.m; path = Classes/AddFolderController.m; sourceTree = "<group>"; };
		8D6F6DF70E3AAE2B001CD57E /* CoreGraphics.framework */ = {isa = PBXFileReference; lastKnownFileType = wrapper.framework; name = CoreGraphics.framework; path = System/Library/Frameworks/CoreGraphics.framework; sourceTree = SDKROOT; };
		8D731F760E33EE9A0031200B /* Icon.png */ = {isa = PBXFileReference; lastKnownFileType = image.png; name = Icon.png; path = images/Icon.png; sourceTree = "<group>"; };
		8D73206F0E3403010031200B /* FindButton.png */ = {isa = PBXFileReference; lastKnownFileType = image.png; name = FindButton.png; path = images/FindButton.png; sourceTree = "<group>"; };
		8D75037F0E4E846300BF500F /* BookmarkFolder.h */ = {isa = PBXFileReference; fileEncoding = 4; lastKnownFileType = sourcecode.c.h; name = BookmarkFolder.h; path = Classes/BookmarkFolder.h; sourceTree = "<group>"; };
		8D7503800E4E846300BF500F /* BookmarkFolder.m */ = {isa = PBXFileReference; fileEncoding = 4; lastKnownFileType = sourcecode.c.objc; name = BookmarkFolder.m; path = Classes/BookmarkFolder.m; sourceTree = "<group>"; };
		8D7503FE0E4E8C5500BF500F /* AddBookmarkItemController.h */ = {isa = PBXFileReference; fileEncoding = 4; lastKnownFileType = sourcecode.c.h; name = AddBookmarkItemController.h; path = Classes/AddBookmarkItemController.h; sourceTree = "<group>"; };
		8D7503FF0E4E8C5500BF500F /* AddBookmarkItemController.m */ = {isa = PBXFileReference; fileEncoding = 4; lastKnownFileType = sourcecode.c.objc; name = AddBookmarkItemController.m; path = Classes/AddBookmarkItemController.m; sourceTree = "<group>"; };
		8D75933F0E3FF84000BD8777 /* VerseCell.h */ = {isa = PBXFileReference; fileEncoding = 4; lastKnownFileType = sourcecode.c.h; name = VerseCell.h; path = Classes/VerseCell.h; sourceTree = "<group>"; };
		8D7593400E3FF84000BD8777 /* VerseCell.m */ = {isa = PBXFileReference; fileEncoding = 4; lastKnownFileType = sourcecode.c.objc; name = VerseCell.m; path = Classes/VerseCell.m; sourceTree = "<group>"; };
		8D7604350E664DC70028B85F /* EditTextViewController.h */ = {isa = PBXFileReference; fileEncoding = 4; lastKnownFileType = sourcecode.c.h; name = EditTextViewController.h; path = Classes/EditTextViewController.h; sourceTree = "<group>"; };
		8D7604360E664DC70028B85F /* EditTextViewController.m */ = {isa = PBXFileReference; fileEncoding = 4; lastKnownFileType = sourcecode.c.objc; name = EditTextViewController.m; path = Classes/EditTextViewController.m; sourceTree = "<group>"; };
		8D76049E0E6655A10028B85F /* CellTextView.h */ = {isa = PBXFileReference; fileEncoding = 4; lastKnownFileType = sourcecode.c.h; name = CellTextView.h; path = Classes/CellTextView.h; sourceTree = "<group>"; };
		8D76049F0E6655A10028B85F /* CellTextView.m */ = {isa = PBXFileReference; fileEncoding = 4; lastKnownFileType = sourcecode.c.objc; name = CellTextView.m; path = Classes/CellTextView.m; sourceTree = "<group>"; };
		8D7827F10E58FFE100378BFF /* BookmarkGroupListController.h */ = {isa = PBXFileReference; fileEncoding = 4; lastKnownFileType = sourcecode.c.h; name = BookmarkGroupListController.h; path = Classes/BookmarkGroupListController.h; sourceTree = "<group>"; };
		8D7827F20E58FFE100378BFF /* BookmarkGroupListController.m */ = {isa = PBXFileReference; fileEncoding = 4; lastKnownFileType = sourcecode.c.objc; name = BookmarkGroupListController.m; path = Classes/BookmarkGroupListController.m; sourceTree = "<group>"; };
		8D7829170E590E7A00378BFF /* BookmarkCell.h */ = {isa = PBXFileReference; fileEncoding = 4; lastKnownFileType = sourcecode.c.h; name = BookmarkCell.h; path = Classes/BookmarkCell.h; sourceTree = "<group>"; };
		8D7829180E590E7A00378BFF /* BookmarkCell.m */ = {isa = PBXFileReference; fileEncoding = 4; lastKnownFileType = sourcecode.c.objc; name = BookmarkCell.m; path = Classes/BookmarkCell.m; sourceTree = "<group>"; };
		8D79AE740E5521EA00CAC6DF /* BookmarkListController.h */ = {isa = PBXFileReference; fileEncoding = 4; lastKnownFileType = sourcecode.c.h; name = BookmarkListController.h; path = Classes/BookmarkListController.h; sourceTree = "<group>"; };
		8D79AE750E5521EA00CAC6DF /* BookmarkListController.m */ = {isa = PBXFileReference; fileEncoding = 4; lastKnownFileType = sourcecode.c.objc; name = BookmarkListController.m; path = Classes/BookmarkListController.m; sourceTree = "<group>"; };
		8D7ADC090E6E306C00A5A7E9 /* logo7123.png */ = {isa = PBXFileReference; lastKnownFileType = image.png; name = logo7123.png; path = images/logo7123.png; sourceTree = "<group>"; };
		8D7BB4F30E77664E00E23727 /* en */ = {isa = PBXFileReference; fileEncoding = 10; lastKnownFileType = text.plist.strings; name = en; path = en.lproj/Localizable.strings; sourceTree = "<group>"; };
		8D7BB5CB0E77732700E23727 /* es */ = {isa = PBXFileReference; lastKnownFileType = text.plist.strings; name = es; path = es.lproj/Localizable.strings; sourceTree = "<group>"; };
		8D7BB5F10E77751100E23727 /* en */ = {isa = PBXFileReference; lastKnownFileType = file.xib; name = en; path = en.lproj/AddBookmark.xib; sourceTree = "<group>"; };
		8D7BB5F30E77751100E23727 /* en */ = {isa = PBXFileReference; lastKnownFileType = file.xib; name = en; path = en.lproj/AddBookmarkItem.xib; sourceTree = "<group>"; };
		8D7BB5F50E77751100E23727 /* en */ = {isa = PBXFileReference; lastKnownFileType = file.xib; name = en; path = en.lproj/AddDevotional.xib; sourceTree = "<group>"; };
		8D7BB5F70E77751100E23727 /* en */ = {isa = PBXFileReference; lastKnownFileType = file.xib; name = en; path = en.lproj/AddFolder.xib; sourceTree = "<group>"; };
		8D7BB5F90E77751100E23727 /* en */ = {isa = PBXFileReference; lastKnownFileType = file.xib; name = en; path = en.lproj/FindVerse.xib; sourceTree = "<group>"; };
		8D7BB5FB0E77751100E23727 /* en */ = {isa = PBXFileReference; lastKnownFileType = file.xib; name = en; path = en.lproj/MainWindow.xib; sourceTree = "<group>"; };
		8D7BB5FD0E77751100E23727 /* en */ = {isa = PBXFileReference; lastKnownFileType = file.xib; name = en; path = en.lproj/ReadChapter.xib; sourceTree = "<group>"; };
		8D7BB6050E77754600E23727 /* es */ = {isa = PBXFileReference; lastKnownFileType = file.xib; name = es; path = es.lproj/AddBookmark.xib; sourceTree = "<group>"; };
		8D7BB6060E77755700E23727 /* es */ = {isa = PBXFileReference; lastKnownFileType = file.xib; name = es; path = es.lproj/AddBookmarkItem.xib; sourceTree = "<group>"; };
		8D7BB6070E77755700E23727 /* es */ = {isa = PBXFileReference; lastKnownFileType = file.xib; name = es; path = es.lproj/AddDevotional.xib; sourceTree = "<group>"; };
		8D7BB6080E77755700E23727 /* es */ = {isa = PBXFileReference; lastKnownFileType = file.xib; name = es; path = es.lproj/AddFolder.xib; sourceTree = "<group>"; };
		8D7BB6090E77755700E23727 /* es */ = {isa = PBXFileReference; lastKnownFileType = file.xib; name = es; path = es.lproj/FindVerse.xib; sourceTree = "<group>"; };
		8D7BB60A0E77755700E23727 /* es */ = {isa = PBXFileReference; lastKnownFileType = file.xib; name = es; path = es.lproj/MainWindow.xib; sourceTree = "<group>"; };
		8D7BB60B0E77755700E23727 /* es */ = {isa = PBXFileReference; lastKnownFileType = file.xib; name = es; path = es.lproj/ReadChapter.xib; sourceTree = "<group>"; };
		8D7BC56B0F1166D8000F768F /* SearchController.h */ = {isa = PBXFileReference; fileEncoding = 4; lastKnownFileType = sourcecode.c.h; name = SearchController.h; path = Classes/SearchController.h; sourceTree = "<group>"; };
		8D7BC56C0F1166D8000F768F /* SearchController.m */ = {isa = PBXFileReference; fileEncoding = 4; lastKnownFileType = sourcecode.c.objc; name = SearchController.m; path = Classes/SearchController.m; sourceTree = "<group>"; };
		8D7BC56F0F116762000F768F /* en */ = {isa = PBXFileReference; lastKnownFileType = file.xib; name = en; path = en.lproj/SearchWord.xib; sourceTree = "<group>"; };
		8D7BC7810F1189BC000F768F /* es */ = {isa = PBXFileReference; lastKnownFileType = file.xib; name = es; path = es.lproj/SearchWord.xib; sourceTree = "<group>"; };
		8D7BC7820F1189C5000F768F /* fr */ = {isa = PBXFileReference; lastKnownFileType = file.xib; name = fr; path = fr.lproj/SearchWord.xib; sourceTree = "<group>"; };
		8D7CB67C0F69FD890007C7DA /* pt */ = {isa = PBXFileReference; lastKnownFileType = text.plist.strings; name = pt; path = pt.lproj/Localizable.strings; sourceTree = "<group>"; };
		8D7CB6960F69FE4A0007C7DA /* Settings.bundle */ = {isa = PBXFileReference; lastKnownFileType = "wrapper.plug-in"; path = Settings.bundle; sourceTree = "<group>"; };
		8D7CE6BD0F6DCB640084AD5F /* foco.png */ = {isa = PBXFileReference; lastKnownFileType = image.png; name = foco.png; path = images/foco.png; sourceTree = "<group>"; };
		8D89588F0E5114BB00BFF4DA /* Bookmark.h */ = {isa = PBXFileReference; fileEncoding = 4; lastKnownFileType = sourcecode.c.h; name = Bookmark.h; path = Classes/Bookmark.h; sourceTree = "<group>"; };
		8D8958900E5114BB00BFF4DA /* Bookmark.m */ = {isa = PBXFileReference; fileEncoding = 4; lastKnownFileType = sourcecode.c.objc; name = Bookmark.m; path = Classes/Bookmark.m; sourceTree = "<group>"; };
		8D8A1B0D0F732EB100B3C026 /* Entitlements.plist */ = {isa = PBXFileReference; fileEncoding = 4; lastKnownFileType = text.plist.xml; path = Entitlements.plist; sourceTree = "<group>"; };
		8D8D92790EE0931B00B4A013 /* fr */ = {isa = PBXFileReference; lastKnownFileType = text.plist.strings; name = fr; path = fr.lproj/Localizable.strings; sourceTree = "<group>"; };
		8D8D927A0EE0936300B4A013 /* fr */ = {isa = PBXFileReference; lastKnownFileType = file.xib; name = fr; path = fr.lproj/AddFolder.xib; sourceTree = "<group>"; };
		8D8D927B0EE0936300B4A013 /* fr */ = {isa = PBXFileReference; lastKnownFileType = file.xib; name = fr; path = fr.lproj/AddBookmarkItem.xib; sourceTree = "<group>"; };
		8D8D927C0EE0936300B4A013 /* fr */ = {isa = PBXFileReference; lastKnownFileType = file.xib; name = fr; path = fr.lproj/AddBookmark.xib; sourceTree = "<group>"; };
		8D8D927D0EE0936300B4A013 /* fr */ = {isa = PBXFileReference; lastKnownFileType = file.xib; name = fr; path = fr.lproj/AddDevotional.xib; sourceTree = "<group>"; };
		8D8D927E0EE0936300B4A013 /* fr */ = {isa = PBXFileReference; lastKnownFileType = file.xib; name = fr; path = fr.lproj/MainWindow.xib; sourceTree = "<group>"; };
		8D8D927F0EE0936300B4A013 /* fr */ = {isa = PBXFileReference; lastKnownFileType = file.xib; name = fr; path = fr.lproj/FindVerse.xib; sourceTree = "<group>"; };
		8D8D92800EE0936300B4A013 /* fr */ = {isa = PBXFileReference; lastKnownFileType = file.xib; name = fr; path = fr.lproj/ReadChapter.xib; sourceTree = "<group>"; };
		8D8D92890EE0976000B4A013 /* bible_fr.db */ = {isa = PBXFileReference; lastKnownFileType = file; path = bible_fr.db; sourceTree = "<group>"; };
		8D9242F70F143D9E00FB7299 /* find_button_new.png */ = {isa = PBXFileReference; lastKnownFileType = image.png; name = find_button_new.png; path = images/find_button_new.png; sourceTree = "<group>"; };
		8DA1F5720F89207C00F47B37 /* change-background.png */ = {isa = PBXFileReference; lastKnownFileType = image.png; path = "change-background.png"; sourceTree = "<group>"; };
		8DCE9C9F0F69FF120095BD7A /* pt */ = {isa = PBXFileReference; lastKnownFileType = file.xib; name = pt; path = pt.lproj/SearchWord.xib; sourceTree = "<group>"; };
		8DCE9CA10F69FF470095BD7A /* pt */ = {isa = PBXFileReference; lastKnownFileType = file.xib; name = pt; path = pt.lproj/AddBookmark.xib; sourceTree = "<group>"; };
		8DCE9CA30F69FF660095BD7A /* pt */ = {isa = PBXFileReference; lastKnownFileType = file.xib; name = pt; path = pt.lproj/AddBookmarkItem.xib; sourceTree = "<group>"; };
		8DCE9CA50F69FFAB0095BD7A /* pt */ = {isa = PBXFileReference; lastKnownFileType = file.xib; name = pt; path = pt.lproj/AddDevotional.xib; sourceTree = "<group>"; };
		8DCE9CA70F6A00350095BD7A /* pt */ = {isa = PBXFileReference; lastKnownFileType = file.xib; name = pt; path = pt.lproj/AddFolder.xib; sourceTree = "<group>"; };
		8DCE9CA90F6A00550095BD7A /* pt */ = {isa = PBXFileReference; lastKnownFileType = file.xib; name = pt; path = pt.lproj/FindVerse.xib; sourceTree = "<group>"; };
		8DCE9CAB0F6A00EA0095BD7A /* pt */ = {isa = PBXFileReference; lastKnownFileType = file.xib; name = pt; path = pt.lproj/MainWindow.xib; sourceTree = "<group>"; };
		8DCE9CAD0F6A012F0095BD7A /* pt */ = {isa = PBXFileReference; lastKnownFileType = file.xib; name = pt; path = pt.lproj/ReadChapter.xib; sourceTree = "<group>"; };
		8DCE9CCE0F6A036D0095BD7A /* bible_pt.db */ = {isa = PBXFileReference; lastKnownFileType = file; path = bible_pt.db; sourceTree = "<group>"; };
		8DD0F6270E64E445008AF516 /* Devotional.h */ = {isa = PBXFileReference; fileEncoding = 4; lastKnownFileType = sourcecode.c.h; name = Devotional.h; path = Classes/Devotional.h; sourceTree = "<group>"; };
		8DD0F6280E64E445008AF516 /* Devotional.m */ = {isa = PBXFileReference; fileEncoding = 4; lastKnownFileType = sourcecode.c.objc; name = Devotional.m; path = Classes/Devotional.m; sourceTree = "<group>"; };
		8DD0F6520E64E865008AF516 /* DevotionalNavController.h */ = {isa = PBXFileReference; fileEncoding = 4; lastKnownFileType = sourcecode.c.h; name = DevotionalNavController.h; path = Classes/DevotionalNavController.h; sourceTree = "<group>"; };
		8DD0F6530E64E865008AF516 /* DevotionalNavController.m */ = {isa = PBXFileReference; fileEncoding = 4; lastKnownFileType = sourcecode.c.objc; name = DevotionalNavController.m; path = Classes/DevotionalNavController.m; sourceTree = "<group>"; };
		8DD0F6550E64E87A008AF516 /* DevotionalListController.h */ = {isa = PBXFileReference; fileEncoding = 4; lastKnownFileType = sourcecode.c.h; name = DevotionalListController.h; path = Classes/DevotionalListController.h; sourceTree = "<group>"; };
		8DD0F6560E64E87A008AF516 /* DevotionalListController.m */ = {isa = PBXFileReference; fileEncoding = 4; lastKnownFileType = sourcecode.c.objc; name = DevotionalListController.m; path = Classes/DevotionalListController.m; sourceTree = "<group>"; };
		8DD0F65A0E64E9B9008AF516 /* DevotionalCell.h */ = {isa = PBXFileReference; fileEncoding = 4; lastKnownFileType = sourcecode.c.h; name = DevotionalCell.h; path = Classes/DevotionalCell.h; sourceTree = "<group>"; };
		8DD0F65B0E64E9B9008AF516 /* DevotionalCell.m */ = {isa = PBXFileReference; fileEncoding = 4; lastKnownFileType = sourcecode.c.objc; name = DevotionalCell.m; path = Classes/DevotionalCell.m; sourceTree = "<group>"; };
		8DD0F71C0E64F87B008AF516 /* AddDevotionalController.h */ = {isa = PBXFileReference; fileEncoding = 4; lastKnownFileType = sourcecode.c.h; name = AddDevotionalController.h; path = Classes/AddDevotionalController.h; sourceTree = "<group>"; };
		8DD0F71D0E64F87B008AF516 /* AddDevotionalController.m */ = {isa = PBXFileReference; fileEncoding = 4; lastKnownFileType = sourcecode.c.objc; name = AddDevotionalController.m; path = Classes/AddDevotionalController.m; sourceTree = "<group>"; };
		8DDCE7F70E36C93500ECAF65 /* Bookmark.png */ = {isa = PBXFileReference; lastKnownFileType = image.png; name = Bookmark.png; path = images/Bookmark.png; sourceTree = "<group>"; };
		8DDCE7FA0E36CA8500ECAF65 /* Devotional.png */ = {isa = PBXFileReference; lastKnownFileType = image.png; name = Devotional.png; path = images/Devotional.png; sourceTree = "<group>"; };
		8DDCE7FE0E36CAC200ECAF65 /* Notes.png */ = {isa = PBXFileReference; lastKnownFileType = image.png; name = Notes.png; path = images/Notes.png; sourceTree = "<group>"; };
		8DDCE8070E36CD1100ECAF65 /* Verse.h */ = {isa = PBXFileReference; fileEncoding = 4; lastKnownFileType = sourcecode.c.h; name = Verse.h; path = Classes/Verse.h; sourceTree = "<group>"; };
		8DDCE8080E36CD1100ECAF65 /* Verse.m */ = {isa = PBXFileReference; fileEncoding = 4; lastKnownFileType = sourcecode.c.objc; name = Verse.m; path = Classes/Verse.m; sourceTree = "<group>"; };
		8DFDA1010E4943500049F120 /* AddBookmarkController.h */ = {isa = PBXFileReference; fileEncoding = 4; lastKnownFileType = sourcecode.c.h; name = AddBookmarkController.h; path = Classes/AddBookmarkController.h; sourceTree = "<group>"; };
		8DFDA1020E4943500049F120 /* AddBookmarkController.m */ = {isa = PBXFileReference; fileEncoding = 4; lastKnownFileType = sourcecode.c.objc; name = AddBookmarkController.m; path = Classes/AddBookmarkController.m; sourceTree = "<group>"; };
/* End PBXFileReference section */

/* Begin PBXFrameworksBuildPhase section */
		1D60588F0D05DD3D006BFB54 /* Frameworks */ = {
			isa = PBXFrameworksBuildPhase;
			buildActionMask = 2147483647;
			files = (
				1D60589F0D05DD5A006BFB54 /* Foundation.framework in Frameworks */,
				1DF5F4E00D08C38300B7A737 /* UIKit.framework in Frameworks */,
				8D51C58A0E340843004F21B9 /* libsqlite3.0.dylib in Frameworks */,
				8D6F6DF80E3AAE2B001CD57E /* CoreGraphics.framework in Frameworks */,
			);
			runOnlyForDeploymentPostprocessing = 0;
		};
/* End PBXFrameworksBuildPhase section */

/* Begin PBXGroup section */
		19C28FACFE9D520D11CA2CBB /* Products */ = {
			isa = PBXGroup;
			children = (
				1D6058910D05DD3D006BFB54 /* GodWord.app */,
			);
			name = Products;
			sourceTree = "<group>";
		};
		29B97314FDCFA39411CA2CEA /* CustomTemplate */ = {
			isa = PBXGroup;
			children = (
				8D7CB6960F69FE4A0007C7DA /* Settings.bundle */,
				8D7BB5500E776AFB00E23727 /* Model */,
				29B97315FDCFA39411CA2CEA /* Other Sources */,
				29B97317FDCFA39411CA2CEA /* Resources */,
				29B97323FDCFA39411CA2CEA /* Frameworks */,
				19C28FACFE9D520D11CA2CBB /* Products */,
				8D7BB54E0E776AE100E23727 /* Cells */,
				8D7BB54F0E776AEE00E23727 /* Controllers */,
				8D8A1B0D0F732EB100B3C026 /* Entitlements.plist */,
			);
			name = CustomTemplate;
			sourceTree = "<group>";
		};
		29B97315FDCFA39411CA2CEA /* Other Sources */ = {
			isa = PBXGroup;
			children = (
				8D51C5330E340579004F21B9 /* GodWordAppDelegate.h */,
				8D51C5340E340579004F21B9 /* GodWordAppDelegate.m */,
				8D51C5980E34092C004F21B9 /* BibleDatabase.h */,
				8D51C5990E34092C004F21B9 /* BibleDatabase.m */,
				32CA4F630368D1EE00C91783 /* GodWord_Prefix.pch */,
				29B97316FDCFA39411CA2CEA /* main.m */,
			);
			name = "Other Sources";
			sourceTree = "<group>";
		};
		29B97317FDCFA39411CA2CEA /* Resources */ = {
			isa = PBXGroup;
			children = (
				8DA1F5720F89207C00F47B37 /* change-background.png */,
				8D7CE6BD0F6DCB640084AD5F /* foco.png */,
				8DCE9CCE0F6A036D0095BD7A /* bible_pt.db */,
				8D7BC56E0F116762000F768F /* SearchWord.xib */,
				8D9242F70F143D9E00FB7299 /* find_button_new.png */,
				8D8D92890EE0976000B4A013 /* bible_fr.db */,
				8D098A850ECA8782009DEE31 /* Info.plist */,
				8D24210A0EC93430003D1DD3 /* Default.png */,
				8D2420E60EC92CE0003D1DD3 /* bible_en.db */,
				8D2420B70EC9288B003D1DD3 /* logo9.png */,
				8D24209D0EC91E5E003D1DD3 /* logo83.png */,
				8D24209E0EC91E5E003D1DD3 /* logo91.png */,
				8D7BB5F00E77751100E23727 /* AddBookmark.xib */,
				8D7BB5F20E77751100E23727 /* AddBookmarkItem.xib */,
				8D7BB5F40E77751100E23727 /* AddDevotional.xib */,
				8D7BB5F60E77751100E23727 /* AddFolder.xib */,
				8D7BB5F80E77751100E23727 /* FindVerse.xib */,
				8D7BB5FA0E77751100E23727 /* MainWindow.xib */,
				8D7BB5FC0E77751100E23727 /* ReadChapter.xib */,
				8D7ADC090E6E306C00A5A7E9 /* logo7123.png */,
				8D650CB20E5BA70D004536A2 /* logo712.png */,
				8DDCE7FE0E36CAC200ECAF65 /* Notes.png */,
				8DDCE7FA0E36CA8500ECAF65 /* Devotional.png */,
				8DDCE7F70E36C93500ECAF65 /* Bookmark.png */,
				8D51C58B0E3408AA004F21B9 /* bible_es.db */,
				8D73206F0E3403010031200B /* FindButton.png */,
				8D731F760E33EE9A0031200B /* Icon.png */,
				8D7BB4F20E77664E00E23727 /* Localizable.strings */,
			);
			name = Resources;
			sourceTree = "<group>";
		};
		29B97323FDCFA39411CA2CEA /* Frameworks */ = {
			isa = PBXGroup;
			children = (
				8D6F6DF70E3AAE2B001CD57E /* CoreGraphics.framework */,
				8D51C5890E340843004F21B9 /* libsqlite3.0.dylib */,
				1DF5F4DF0D08C38300B7A737 /* UIKit.framework */,
				1D30AB110D05D00D00671497 /* Foundation.framework */,
			);
			name = Frameworks;
			sourceTree = "<group>";
		};
		8D7BB54E0E776AE100E23727 /* Cells */ = {
			isa = PBXGroup;
			children = (
				8D76049E0E6655A10028B85F /* CellTextView.h */,
				8D76049F0E6655A10028B85F /* CellTextView.m */,
				8D75933F0E3FF84000BD8777 /* VerseCell.h */,
				8D7593400E3FF84000BD8777 /* VerseCell.m */,
				8D7829170E590E7A00378BFF /* BookmarkCell.h */,
				8D7829180E590E7A00378BFF /* BookmarkCell.m */,
				8DD0F65A0E64E9B9008AF516 /* DevotionalCell.h */,
				8DD0F65B0E64E9B9008AF516 /* DevotionalCell.m */,
			);
			name = Cells;
			sourceTree = "<group>";
		};
		8D7BB54F0E776AEE00E23727 /* Controllers */ = {
			isa = PBXGroup;
			children = (
				8DFDA1010E4943500049F120 /* AddBookmarkController.h */,
				8DFDA1020E4943500049F120 /* AddBookmarkController.m */,
				8D51C5600E3406B3004F21B9 /* FindVerseController.h */,
				8D51C5610E3406B3004F21B9 /* FindVerseController.m */,
				8D51C52B0E3404CA004F21B9 /* MainWindowController.h */,
				8D51C52C0E3404CA004F21B9 /* MainWindowController.m */,
				8D51C64A0E341202004F21B9 /* ReadChapterController.h */,
				8D51C64B0E341202004F21B9 /* ReadChapterController.m */,
				8D7503FE0E4E8C5500BF500F /* AddBookmarkItemController.h */,
				8D7503FF0E4E8C5500BF500F /* AddBookmarkItemController.m */,
				8D79AE740E5521EA00CAC6DF /* BookmarkListController.h */,
				8D79AE750E5521EA00CAC6DF /* BookmarkListController.m */,
				8D7827F10E58FFE100378BFF /* BookmarkGroupListController.h */,
				8D7827F20E58FFE100378BFF /* BookmarkGroupListController.m */,
				8D650E2F0E5BCE09004536A2 /* AddFolderController.h */,
				8D650E300E5BCE09004536A2 /* AddFolderController.m */,
				8DD0F6520E64E865008AF516 /* DevotionalNavController.h */,
				8DD0F6530E64E865008AF516 /* DevotionalNavController.m */,
				8DD0F6550E64E87A008AF516 /* DevotionalListController.h */,
				8DD0F6560E64E87A008AF516 /* DevotionalListController.m */,
				8DD0F71C0E64F87B008AF516 /* AddDevotionalController.h */,
				8DD0F71D0E64F87B008AF516 /* AddDevotionalController.m */,
				8D7604350E664DC70028B85F /* EditTextViewController.h */,
				8D7604360E664DC70028B85F /* EditTextViewController.m */,
				8D0BB0300E7618A7008955DD /* BookmarksOfFolderController.h */,
				8D0BB0310E7618A7008955DD /* BookmarksOfFolderController.m */,
				8D7BC56B0F1166D8000F768F /* SearchController.h */,
				8D7BC56C0F1166D8000F768F /* SearchController.m */,
			);
			name = Controllers;
			sourceTree = "<group>";
		};
		8D7BB5500E776AFB00E23727 /* Model */ = {
			isa = PBXGroup;
			children = (
				8D51C6120E340FBD004F21B9 /* Book.h */,
				8D51C6130E340FBD004F21B9 /* Book.m */,
				8DDCE8070E36CD1100ECAF65 /* Verse.h */,
				8DDCE8080E36CD1100ECAF65 /* Verse.m */,
				8D75037F0E4E846300BF500F /* BookmarkFolder.h */,
				8D7503800E4E846300BF500F /* BookmarkFolder.m */,
				8D89588F0E5114BB00BFF4DA /* Bookmark.h */,
				8D8958900E5114BB00BFF4DA /* Bookmark.m */,
				8DD0F6270E64E445008AF516 /* Devotional.h */,
				8DD0F6280E64E445008AF516 /* Devotional.m */,
			);
			name = Model;
			sourceTree = "<group>";
		};
/* End PBXGroup section */

/* Begin PBXNativeTarget section */
		1D6058900D05DD3D006BFB54 /* GodWord */ = {
			isa = PBXNativeTarget;
			buildConfigurationList = 1D6058960D05DD3E006BFB54 /* Build configuration list for PBXNativeTarget "GodWord" */;
			buildPhases = (
				1D60588D0D05DD3D006BFB54 /* Resources */,
				1D60588E0D05DD3D006BFB54 /* Sources */,
				1D60588F0D05DD3D006BFB54 /* Frameworks */,
			);
			buildRules = (
			);
			dependencies = (
			);
			name = GodWord;
			productName = GodWord;
			productReference = 1D6058910D05DD3D006BFB54 /* GodWord.app */;
			productType = "com.apple.product-type.application";
		};
/* End PBXNativeTarget section */

/* Begin PBXProject section */
		29B97313FDCFA39411CA2CEA /* Project object */ = {
			isa = PBXProject;
			buildConfigurationList = C01FCF4E08A954540054247B /* Build configuration list for PBXProject "GodWord" */;
			compatibilityVersion = "Xcode 3.1";
			hasScannedForEncodings = 1;
			knownRegions = (
				English,
				Japanese,
				French,
				German,
				en,
				es,
				fr,
				pr,
				pt,
			);
			mainGroup = 29B97314FDCFA39411CA2CEA /* CustomTemplate */;
			projectDirPath = "";
			projectRoot = "";
			targets = (
				1D6058900D05DD3D006BFB54 /* GodWord */,
			);
		};
/* End PBXProject section */

/* Begin PBXResourcesBuildPhase section */
		1D60588D0D05DD3D006BFB54 /* Resources */ = {
			isa = PBXResourcesBuildPhase;
			buildActionMask = 2147483647;
			files = (
				8D731F770E33EE9A0031200B /* Icon.png in Resources */,
				8D7320700E3403010031200B /* FindButton.png in Resources */,
				8D51C58C0E3408AA004F21B9 /* bible_es.db in Resources */,
				8DDCE7F80E36C93500ECAF65 /* Bookmark.png in Resources */,
				8DDCE7FB0E36CA8500ECAF65 /* Devotional.png in Resources */,
				8DDCE7FF0E36CAC200ECAF65 /* Notes.png in Resources */,
				8D650CB30E5BA70D004536A2 /* logo712.png in Resources */,
				8D7ADC0A0E6E306C00A5A7E9 /* logo7123.png in Resources */,
				8D7BB4F40E77664E00E23727 /* Localizable.strings in Resources */,
				8D7BB5FE0E77751100E23727 /* AddBookmark.xib in Resources */,
				8D7BB5FF0E77751100E23727 /* AddBookmarkItem.xib in Resources */,
				8D7BB6000E77751100E23727 /* AddDevotional.xib in Resources */,
				8D7BB6010E77751100E23727 /* AddFolder.xib in Resources */,
				8D7BB6020E77751100E23727 /* FindVerse.xib in Resources */,
				8D7BB6030E77751100E23727 /* MainWindow.xib in Resources */,
				8D7BB6040E77751100E23727 /* ReadChapter.xib in Resources */,
				8D2420A00EC91E5E003D1DD3 /* logo83.png in Resources */,
				8D2420A10EC91E5E003D1DD3 /* logo91.png in Resources */,
				8D2420B80EC9288B003D1DD3 /* logo9.png in Resources */,
				8D2420E70EC92CE0003D1DD3 /* bible_en.db in Resources */,
				8D24210B0EC93430003D1DD3 /* Default.png in Resources */,
				8D8D928A0EE0976000B4A013 /* bible_fr.db in Resources */,
				8D7BC5700F116762000F768F /* SearchWord.xib in Resources */,
				8D9242F80F143D9E00FB7299 /* find_button_new.png in Resources */,
				8D7CB6970F69FE4A0007C7DA /* Settings.bundle in Resources */,
				8DCE9CCF0F6A036D0095BD7A /* bible_pt.db in Resources */,
				8D7CE6BE0F6DCB640084AD5F /* foco.png in Resources */,
				8D8A1B0E0F732EB100B3C026 /* Entitlements.plist in Resources */,
				8DA1F5730F89207C00F47B37 /* change-background.png in Resources */,
			);
			runOnlyForDeploymentPostprocessing = 0;
		};
/* End PBXResourcesBuildPhase section */

/* Begin PBXSourcesBuildPhase section */
		1D60588E0D05DD3D006BFB54 /* Sources */ = {
			isa = PBXSourcesBuildPhase;
			buildActionMask = 2147483647;
			files = (
				1D60589B0D05DD56006BFB54 /* main.m in Sources */,
				8D51C52D0E3404CA004F21B9 /* MainWindowController.m in Sources */,
				8D51C5350E340579004F21B9 /* GodWordAppDelegate.m in Sources */,
				8D51C5620E3406B3004F21B9 /* FindVerseController.m in Sources */,
				8D51C59A0E34092C004F21B9 /* BibleDatabase.m in Sources */,
				8D51C6140E340FBD004F21B9 /* Book.m in Sources */,
				8D51C64C0E341202004F21B9 /* ReadChapterController.m in Sources */,
				8DDCE8090E36CD1100ECAF65 /* Verse.m in Sources */,
				8D7593410E3FF84000BD8777 /* VerseCell.m in Sources */,
				8DFDA1030E4943500049F120 /* AddBookmarkController.m in Sources */,
				8D7503810E4E846300BF500F /* BookmarkFolder.m in Sources */,
				8D7504000E4E8C5500BF500F /* AddBookmarkItemController.m in Sources */,
				8D8958910E5114BB00BFF4DA /* Bookmark.m in Sources */,
				8D79AE760E5521EA00CAC6DF /* BookmarkListController.m in Sources */,
				8D7827F30E58FFE100378BFF /* BookmarkGroupListController.m in Sources */,
				8D7829190E590E7A00378BFF /* BookmarkCell.m in Sources */,
				8D650E310E5BCE09004536A2 /* AddFolderController.m in Sources */,
				8DD0F6290E64E445008AF516 /* Devotional.m in Sources */,
				8DD0F6540E64E865008AF516 /* DevotionalNavController.m in Sources */,
				8DD0F6570E64E87A008AF516 /* DevotionalListController.m in Sources */,
				8DD0F65C0E64E9B9008AF516 /* DevotionalCell.m in Sources */,
				8DD0F71E0E64F87B008AF516 /* AddDevotionalController.m in Sources */,
				8D7604370E664DC70028B85F /* EditTextViewController.m in Sources */,
				8D7604A00E6655A10028B85F /* CellTextView.m in Sources */,
				8D0BB0320E7618A7008955DD /* BookmarksOfFolderController.m in Sources */,
				8D7BC56D0F1166D8000F768F /* SearchController.m in Sources */,
			);
			runOnlyForDeploymentPostprocessing = 0;
		};
/* End PBXSourcesBuildPhase section */

/* Begin PBXVariantGroup section */
		8D7BB4F20E77664E00E23727 /* Localizable.strings */ = {
			isa = PBXVariantGroup;
			children = (
				8D7BB4F30E77664E00E23727 /* en */,
				8D7BB5CB0E77732700E23727 /* es */,
				8D8D92790EE0931B00B4A013 /* fr */,
				8D7CB67C0F69FD890007C7DA /* pt */,
			);
			name = Localizable.strings;
			sourceTree = "<group>";
		};
		8D7BB5F00E77751100E23727 /* AddBookmark.xib */ = {
			isa = PBXVariantGroup;
			children = (
				8D7BB5F10E77751100E23727 /* en */,
				8D7BB6050E77754600E23727 /* es */,
				8D8D927C0EE0936300B4A013 /* fr */,
				8DCE9CA10F69FF470095BD7A /* pt */,
			);
			name = AddBookmark.xib;
			sourceTree = "<group>";
		};
		8D7BB5F20E77751100E23727 /* AddBookmarkItem.xib */ = {
			isa = PBXVariantGroup;
			children = (
				8D7BB5F30E77751100E23727 /* en */,
				8D7BB6060E77755700E23727 /* es */,
				8D8D927B0EE0936300B4A013 /* fr */,
				8DCE9CA30F69FF660095BD7A /* pt */,
			);
			name = AddBookmarkItem.xib;
			sourceTree = "<group>";
		};
		8D7BB5F40E77751100E23727 /* AddDevotional.xib */ = {
			isa = PBXVariantGroup;
			children = (
				8D7BB5F50E77751100E23727 /* en */,
				8D7BB6070E77755700E23727 /* es */,
				8D8D927D0EE0936300B4A013 /* fr */,
				8DCE9CA50F69FFAB0095BD7A /* pt */,
			);
			name = AddDevotional.xib;
			sourceTree = "<group>";
		};
		8D7BB5F60E77751100E23727 /* AddFolder.xib */ = {
			isa = PBXVariantGroup;
			children = (
				8D7BB5F70E77751100E23727 /* en */,
				8D7BB6080E77755700E23727 /* es */,
				8D8D927A0EE0936300B4A013 /* fr */,
				8DCE9CA70F6A00350095BD7A /* pt */,
			);
			name = AddFolder.xib;
			sourceTree = "<group>";
		};
		8D7BB5F80E77751100E23727 /* FindVerse.xib */ = {
			isa = PBXVariantGroup;
			children = (
				8D7BB5F90E77751100E23727 /* en */,
				8D7BB6090E77755700E23727 /* es */,
				8D8D927F0EE0936300B4A013 /* fr */,
				8DCE9CA90F6A00550095BD7A /* pt */,
			);
			name = FindVerse.xib;
			sourceTree = "<group>";
		};
		8D7BB5FA0E77751100E23727 /* MainWindow.xib */ = {
			isa = PBXVariantGroup;
			children = (
				8D7BB5FB0E77751100E23727 /* en */,
				8D7BB60A0E77755700E23727 /* es */,
				8D8D927E0EE0936300B4A013 /* fr */,
				8DCE9CAB0F6A00EA0095BD7A /* pt */,
			);
			name = MainWindow.xib;
			sourceTree = "<group>";
		};
		8D7BB5FC0E77751100E23727 /* ReadChapter.xib */ = {
			isa = PBXVariantGroup;
			children = (
				8D7BB5FD0E77751100E23727 /* en */,
				8D7BB60B0E77755700E23727 /* es */,
				8D8D92800EE0936300B4A013 /* fr */,
				8DCE9CAD0F6A012F0095BD7A /* pt */,
			);
			name = ReadChapter.xib;
			sourceTree = "<group>";
		};
		8D7BC56E0F116762000F768F /* SearchWord.xib */ = {
			isa = PBXVariantGroup;
			children = (
				8D7BC56F0F116762000F768F /* en */,
				8D7BC7810F1189BC000F768F /* es */,
				8D7BC7820F1189C5000F768F /* fr */,
				8DCE9C9F0F69FF120095BD7A /* pt */,
			);
			name = SearchWord.xib;
			sourceTree = "<group>";
		};
/* End PBXVariantGroup section */

/* Begin XCBuildConfiguration section */
		1D6058940D05DD3E006BFB54 /* Debug */ = {
			isa = XCBuildConfiguration;
			buildSettings = {
				ALWAYS_SEARCH_USER_PATHS = NO;
				COPY_PHASE_STRIP = NO;
				GCC_DYNAMIC_NO_PIC = NO;
				GCC_OPTIMIZATION_LEVEL = 0;
				GCC_PRECOMPILE_PREFIX_HEADER = YES;
				GCC_PREFIX_HEADER = GodWord_Prefix.pch;
				INFOPLIST_FILE = Info.plist;
				PRODUCT_NAME = GodWord;
			};
			name = Debug;
		};
		1D6058950D05DD3E006BFB54 /* Release */ = {
			isa = XCBuildConfiguration;
			buildSettings = {
				ALWAYS_SEARCH_USER_PATHS = NO;
				COPY_PHASE_STRIP = YES;
				GCC_PRECOMPILE_PREFIX_HEADER = YES;
				GCC_PREFIX_HEADER = GodWord_Prefix.pch;
				INFOPLIST_FILE = Info.plist;
				PRODUCT_NAME = GodWord;
			};
			name = Release;
		};
		8D8A1B190F73330200B3C026 /* Distribution Cristian */ = {
			isa = XCBuildConfiguration;
			buildSettings = {
				ARCHS = "$(ARCHS_STANDARD_32_BIT)";
				CODE_SIGN_ENTITLEMENTS = Entitlements.plist;
				"CODE_SIGN_IDENTITY[sdk=iphoneos*]" = "iPhone Developer: Marcelo Andrade (676RE72W62)";
				GCC_C_LANGUAGE_STANDARD = c99;
				GCC_WARN_ABOUT_RETURN_TYPE = YES;
				GCC_WARN_UNUSED_VARIABLE = YES;
				ONLY_ACTIVE_ARCH = NO;
				PREBINDING = NO;
				SDKROOT = iphoneos2.0;
			};
			name = "Distribution Cristian";
		};
		8D8A1B1A0F73330200B3C026 /* Distribution Cristian */ = {
			isa = XCBuildConfiguration;
			buildSettings = {
				ALWAYS_SEARCH_USER_PATHS = NO;
				COPY_PHASE_STRIP = YES;
				GCC_PRECOMPILE_PREFIX_HEADER = YES;
				GCC_PREFIX_HEADER = GodWord_Prefix.pch;
				INFOPLIST_FILE = Info.plist;
				PRODUCT_NAME = GodWord;
			};
			name = "Distribution Cristian";
		};
		8D8D92D10EE0B5A000B4A013 /* Distribution */ = {
			isa = XCBuildConfiguration;
			buildSettings = {
				ARCHS = "$(ARCHS_STANDARD_32_BIT)";
				CODE_SIGN_ENTITLEMENTS = "";
				"CODE_SIGN_IDENTITY[sdk=iphoneos*]" = "iPhone Developer: Marcelo Andrade (676RE72W62)";
				GCC_C_LANGUAGE_STANDARD = c99;
				GCC_WARN_ABOUT_RETURN_TYPE = YES;
				GCC_WARN_UNUSED_VARIABLE = YES;
				ONLY_ACTIVE_ARCH = NO;
				PREBINDING = NO;
				SDKROOT = iphoneos2.0;
			};
			name = Distribution;
		};
		8D8D92D20EE0B5A000B4A013 /* Distribution */ = {
			isa = XCBuildConfiguration;
			buildSettings = {
				ALWAYS_SEARCH_USER_PATHS = NO;
				COPY_PHASE_STRIP = YES;
				GCC_PRECOMPILE_PREFIX_HEADER = YES;
				GCC_PREFIX_HEADER = GodWord_Prefix.pch;
				INFOPLIST_FILE = Info.plist;
				PRODUCT_NAME = GodWord;
			};
			name = Distribution;
		};
		C01FCF4F08A954540054247B /* Debug */ = {
			isa = XCBuildConfiguration;
			buildSettings = {
				ARCHS = "$(ARCHS_STANDARD_32_BIT)";
				"CODE_SIGN_IDENTITY[sdk=iphoneos*]" = "iPhone Developer: Marcelo Andrade (676RE72W62)";
				GCC_C_LANGUAGE_STANDARD = c99;
				GCC_WARN_ABOUT_RETURN_TYPE = YES;
				GCC_WARN_UNUSED_VARIABLE = YES;
				ONLY_ACTIVE_ARCH = YES;
				PREBINDING = NO;
				SDKROOT = iphonesimulator3.0;
			};
			name = Debug;
		};
		C01FCF5008A954540054247B /* Release */ = {
			isa = XCBuildConfiguration;
			buildSettings = {
				ARCHS = "$(ARCHS_STANDARD_32_BIT)";
				"CODE_SIGN_IDENTITY[sdk=iphoneos*]" = "iPhone Developer: Marcelo Andrade (676RE72W62)";
				GCC_C_LANGUAGE_STANDARD = c99;
				GCC_WARN_ABOUT_RETURN_TYPE = YES;
				GCC_WARN_UNUSED_VARIABLE = YES;
				PREBINDING = NO;
				SDKROOT = iphoneos2.0;
			};
			name = Release;
		};
/* End XCBuildConfiguration section */

/* Begin XCConfigurationList section */
		1D6058960D05DD3E006BFB54 /* Build configuration list for PBXNativeTarget "GodWord" */ = {
			isa = XCConfigurationList;
			buildConfigurations = (
				1D6058940D05DD3E006BFB54 /* Debug */,
				1D6058950D05DD3E006BFB54 /* Release */,
				8D8D92D20EE0B5A000B4A013 /* Distribution */,
				8D8A1B1A0F73330200B3C026 /* Distribution Cristian */,
			);
			defaultConfigurationIsVisible = 0;
			defaultConfigurationName = Release;
		};
		C01FCF4E08A954540054247B /* Build configuration list for PBXProject "GodWord" */ = {
			isa = XCConfigurationList;
			buildConfigurations = (
				C01FCF4F08A954540054247B /* Debug */,
				C01FCF5008A954540054247B /* Release */,
				8D8D92D10EE0B5A000B4A013 /* Distribution */,
				8D8A1B190F73330200B3C026 /* Distribution Cristian */,
			);
			defaultConfigurationIsVisible = 0;
			defaultConfigurationName = Release;
		};
/* End XCConfigurationList section */
	};
	rootObject = 29B97313FDCFA39411CA2CEA /* Project object */;
}
